
Microsoft Visual Studio Solution File, Format Version 12.00
# Visual Studio Version 17
VisualStudioVersion = 17.13.35931.197
MinimumVisualStudioVersion = 10.0.40219.1
Project("{FAE04EC0-301F-11D3-BF4B-00C04F79EFBC}") = "Fase5.Domain.Core", "Fase5.Domain.Core\Fase5.Domain.Core.csproj", "{31ACEC7D-5E0F-49A8-88E3-2182BA9AE149}"
EndProject
Project("{FAE04EC0-301F-11D3-BF4B-00C04F79EFBC}") = "Fase5.Domain", "Fase5.Domain\Fase5.Domain.csproj", "{8F5D1461-7635-4965-945B-7600B97FF3C0}"
EndProject
Project("{FAE04EC0-301F-11D3-BF4B-00C04F79EFBC}") = "Fase5.Infra.Data", "Fase5.Infra.Data\Fase5.Infra.Data.csproj", "{03C5E17B-C715-4BC3-AD20-C1928B9279C2}"
EndProject
Project("{FAE04EC0-301F-11D3-BF4B-00C04F79EFBC}") = "Fase5.Api", "Fase5.Api\Fase5.Api.csproj", "{CC47B248-C90D-52B0-9078-523DF5563EFD}"
EndProject
Project("{2150E333-8FDC-42A3-9474-1A3956D46DE8}") = "Solution Items", "Solution Items", "{8EC462FD-D22E-90A8-E5CE-7E832BA40C5D}"
	ProjectSection(SolutionItems) = preProject
		docker-compose.yml = docker-compose.yml
	EndProjectSection
EndProject
Project("{FAE04EC0-301F-11D3-BF4B-00C04F79EFBC}") = "Fase5.Application", "Fase5.Application\Fase5.Application.csproj", "{B8F3E2E6-FA75-4A66-AF63-C350E4C23822}"
EndProject
Project("{FAE04EC0-301F-11D3-BF4B-00C04F79EFBC}") = "Fase5.Infra.Security", "Fase5.Infra.Security\Fase5.Infra.Security.csproj", "{675E2323-979D-46DF-90C4-BF66F63F63B8}"
EndProject
Project("{2150E333-8FDC-42A3-9474-1A3956D46DE8}") = "FastTechFoods", "FastTechFoods", "{02EA681E-C7D8-13C7-8484-4AC65E1B71E8}"
EndProject
Global
	GlobalSection(SolutionConfigurationPlatforms) = preSolution
		Debug|Any CPU = Debug|Any CPU
		Release|Any CPU = Release|Any CPU
	EndGlobalSection
	GlobalSection(ProjectConfigurationPlatforms) = postSolution
		{31ACEC7D-5E0F-49A8-88E3-2182BA9AE149}.Debug|Any CPU.ActiveCfg = Debug|Any CPU
		{31ACEC7D-5E0F-49A8-88E3-2182BA9AE149}.Debug|Any CPU.Build.0 = Debug|Any CPU
		{31ACEC7D-5E0F-49A8-88E3-2182BA9AE149}.Release|Any CPU.ActiveCfg = Release|Any CPU
		{31ACEC7D-5E0F-49A8-88E3-2182BA9AE149}.Release|Any CPU.Build.0 = Release|Any CPU
		{8F5D1461-7635-4965-945B-7600B97FF3C0}.Debug|Any CPU.ActiveCfg = Debug|Any CPU
		{8F5D1461-7635-4965-945B-7600B97FF3C0}.Debug|Any CPU.Build.0 = Debug|Any CPU
		{8F5D1461-7635-4965-945B-7600B97FF3C0}.Release|Any CPU.ActiveCfg = Release|Any CPU
		{8F5D1461-7635-4965-945B-7600B97FF3C0}.Release|Any CPU.Build.0 = Release|Any CPU
		{03C5E17B-C715-4BC3-AD20-C1928B9279C2}.Debug|Any CPU.ActiveCfg = Debug|Any CPU
		{03C5E17B-C715-4BC3-AD20-C1928B9279C2}.Debug|Any CPU.Build.0 = Debug|Any CPU
		{03C5E17B-C715-4BC3-AD20-C1928B9279C2}.Release|Any CPU.ActiveCfg = Release|Any CPU
		{03C5E17B-C715-4BC3-AD20-C1928B9279C2}.Release|Any CPU.Build.0 = Release|Any CPU
		{CC47B248-C90D-52B0-9078-523DF5563EFD}.Debug|Any CPU.ActiveCfg = Debug|Any CPU
		{CC47B248-C90D-52B0-9078-523DF5563EFD}.Debug|Any CPU.Build.0 = Debug|Any CPU
		{CC47B248-C90D-52B0-9078-523DF5563EFD}.Release|Any CPU.ActiveCfg = Release|Any CPU
		{CC47B248-C90D-52B0-9078-523DF5563EFD}.Release|Any CPU.Build.0 = Release|Any CPU
		{B8F3E2E6-FA75-4A66-AF63-C350E4C23822}.Debug|Any CPU.ActiveCfg = Debug|Any CPU
		{B8F3E2E6-FA75-4A66-AF63-C350E4C23822}.Debug|Any CPU.Build.0 = Debug|Any CPU
		{B8F3E2E6-FA75-4A66-AF63-C350E4C23822}.Release|Any CPU.ActiveCfg = Release|Any CPU
		{B8F3E2E6-FA75-4A66-AF63-C350E4C23822}.Release|Any CPU.Build.0 = Release|Any CPU
		{675E2323-979D-46DF-90C4-BF66F63F63B8}.Debug|Any CPU.ActiveCfg = Debug|Any CPU
		{675E2323-979D-46DF-90C4-BF66F63F63B8}.Debug|Any CPU.Build.0 = Debug|Any CPU
		{675E2323-979D-46DF-90C4-BF66F63F63B8}.Release|Any CPU.ActiveCfg = Release|Any CPU
		{675E2323-979D-46DF-90C4-BF66F63F63B8}.Release|Any CPU.Build.0 = Release|Any CPU
	EndGlobalSection
	GlobalSection(SolutionProperties) = preSolution
		HideSolutionNode = FALSE
	EndGlobalSection
	GlobalSection(NestedProjects) = preSolution
		{31ACEC7D-5E0F-49A8-88E3-2182BA9AE149} = {02EA681E-C7D8-13C7-8484-4AC65E1B71E8}
		{8F5D1461-7635-4965-945B-7600B97FF3C0} = {02EA681E-C7D8-13C7-8484-4AC65E1B71E8}
		{03C5E17B-C715-4BC3-AD20-C1928B9279C2} = {02EA681E-C7D8-13C7-8484-4AC65E1B71E8}
		{CC47B248-C90D-52B0-9078-523DF5563EFD} = {02EA681E-C7D8-13C7-8484-4AC65E1B71E8}
		{8EC462FD-D22E-90A8-E5CE-7E832BA40C5D} = {02EA681E-C7D8-13C7-8484-4AC65E1B71E8}
		{B8F3E2E6-FA75-4A66-AF63-C350E4C23822} = {02EA681E-C7D8-13C7-8484-4AC65E1B71E8}
		{675E2323-979D-46DF-90C4-BF66F63F63B8} = {02EA681E-C7D8-13C7-8484-4AC65E1B71E8}
	EndGlobalSection
	GlobalSection(ExtensibilityGlobals) = postSolution
		SolutionGuid = {BF988D9F-A696-447C-9CB5-3C46E81668C4}
	EndGlobalSection
EndGlobal
